
Microsoft Visual Studio Solution File, Format Version 12.00
# Visual Studio Version 16
VisualStudioVersion = 16.0.30406.217
MinimumVisualStudioVersion = 10.0.40219.1
Project("{FAE04EC0-301F-11D3-BF4B-00C04F79EFBC}") = "jmyburghcom", "jmyburghcom\jmyburghcom.csproj", "{9C0BD4BD-D975-46AA-B19F-A89C0F192E5C}"
EndProject
Global
	GlobalSection(SolutionConfigurationPlatforms) = preSolution
		Debug|Any CPU = Debug|Any CPU
		Release|Any CPU = Release|Any CPU
	EndGlobalSection
	GlobalSection(ProjectConfigurationPlatforms) = postSolution
		{9C0BD4BD-D975-46AA-B19F-A89C0F192E5C}.Debug|Any CPU.ActiveCfg = Debug|Any CPU
		{9C0BD4BD-D975-46AA-B19F-A89C0F192E5C}.Debug|Any CPU.Build.0 = Debug|Any CPU
		{9C0BD4BD-D975-46AA-B19F-A89C0F192E5C}.Release|Any CPU.ActiveCfg = Release|Any CPU
		{9C0BD4BD-D975-46AA-B19F-A89C0F192E5C}.Release|Any CPU.Build.0 = Release|Any CPU
	EndGlobalSection
	GlobalSection(SolutionProperties) = preSolution
		HideSolutionNode = FALSE
	EndGlobalSection
	GlobalSection(ExtensibilityGlobals) = postSolution
		SolutionGuid = {B7E247DE-B1A7-4A85-B52A-267BCDB425F0}
	EndGlobalSection
EndGlobal
